
Microsoft Visual Studio Solution File, Format Version 12.00
# Visual Studio Version 17
VisualStudioVersion = 17.1.32421.90
MinimumVisualStudioVersion = 10.0.40219.1
Project("{9A19103F-16F7-4668-BE54-9A1E7A4F7556}") = "PycWebApi", "PycWebApi\PycWebApi.csproj", "{0806B0CE-292D-4A61-AEAD-E4E10C44F6E1}"
EndProject
Project("{9A19103F-16F7-4668-BE54-9A1E7A4F7556}") = "PycTest", "PycTest\PycTest.csproj", "{1AB0040F-2794-4299-9A51-F5522049F74D}"
EndProject
Global
	GlobalSection(SolutionConfigurationPlatforms) = preSolution
		Debug|Any CPU = Debug|Any CPU
		Release|Any CPU = Release|Any CPU
	EndGlobalSection
	GlobalSection(ProjectConfigurationPlatforms) = postSolution
		{0806B0CE-292D-4A61-AEAD-E4E10C44F6E1}.Debug|Any CPU.ActiveCfg = Debug|Any CPU
		{0806B0CE-292D-4A61-AEAD-E4E10C44F6E1}.Debug|Any CPU.Build.0 = Debug|Any CPU
		{0806B0CE-292D-4A61-AEAD-E4E10C44F6E1}.Release|Any CPU.ActiveCfg = Release|Any CPU
		{0806B0CE-292D-4A61-AEAD-E4E10C44F6E1}.Release|Any CPU.Build.0 = Release|Any CPU
		{1AB0040F-2794-4299-9A51-F5522049F74D}.Debug|Any CPU.ActiveCfg = Debug|Any CPU
		{1AB0040F-2794-4299-9A51-F5522049F74D}.Debug|Any CPU.Build.0 = Debug|Any CPU
		{1AB0040F-2794-4299-9A51-F5522049F74D}.Release|Any CPU.ActiveCfg = Release|Any CPU
		{1AB0040F-2794-4299-9A51-F5522049F74D}.Release|Any CPU.Build.0 = Release|Any CPU
	EndGlobalSection
	GlobalSection(SolutionProperties) = preSolution
		HideSolutionNode = FALSE
	EndGlobalSection
	GlobalSection(ExtensibilityGlobals) = postSolution
		SolutionGuid = {A7A17977-354E-4604-928D-95F61A144CCE}
	EndGlobalSection
EndGlobal
